
Microsoft Visual Studio Solution File, Format Version 12.00
# Visual Studio Version 17
VisualStudioVersion = 17.3.32819.101
MinimumVisualStudioVersion = 10.0.40219.1
Project("{FAE04EC0-301F-11D3-BF4B-00C04F79EFBC}") = "Prueba-Github", "Prueba-Github\Prueba-Github.csproj", "{224DDD11-A04D-4C03-B307-B383C1049197}"
EndProject
Global
	GlobalSection(SolutionConfigurationPlatforms) = preSolution
		Debug|Any CPU = Debug|Any CPU
		Release|Any CPU = Release|Any CPU
	EndGlobalSection
	GlobalSection(ProjectConfigurationPlatforms) = postSolution
		{224DDD11-A04D-4C03-B307-B383C1049197}.Debug|Any CPU.ActiveCfg = Debug|Any CPU
		{224DDD11-A04D-4C03-B307-B383C1049197}.Debug|Any CPU.Build.0 = Debug|Any CPU
		{224DDD11-A04D-4C03-B307-B383C1049197}.Release|Any CPU.ActiveCfg = Release|Any CPU
		{224DDD11-A04D-4C03-B307-B383C1049197}.Release|Any CPU.Build.0 = Release|Any CPU
	EndGlobalSection
	GlobalSection(SolutionProperties) = preSolution
		HideSolutionNode = FALSE
	EndGlobalSection
	GlobalSection(ExtensibilityGlobals) = postSolution
		SolutionGuid = {1929C4E8-E61D-46E1-A655-FC7DDB422B6E}
	EndGlobalSection
EndGlobal
